
Microsoft Visual Studio Solution File, Format Version 12.00
# Visual Studio Version 16
VisualStudioVersion = 16.0.29424.173
MinimumVisualStudioVersion = 10.0.40219.1
Project("{FAE04EC0-301F-11D3-BF4B-00C04F79EFBC}") = "Agent", "Agent.csproj", "{78FB29E8-31E8-434C-9D9E-9B170BCDA276}"
EndProject
Global
	GlobalSection(SolutionConfigurationPlatforms) = preSolution
		Debug|Any CPU = Debug|Any CPU
		Release|Any CPU = Release|Any CPU
	EndGlobalSection
	GlobalSection(ProjectConfigurationPlatforms) = postSolution
		{78FB29E8-31E8-434C-9D9E-9B170BCDA276}.Debug|Any CPU.ActiveCfg = Debug|Any CPU
		{78FB29E8-31E8-434C-9D9E-9B170BCDA276}.Debug|Any CPU.Build.0 = Debug|Any CPU
		{78FB29E8-31E8-434C-9D9E-9B170BCDA276}.Release|Any CPU.ActiveCfg = Release|Any CPU
		{78FB29E8-31E8-434C-9D9E-9B170BCDA276}.Release|Any CPU.Build.0 = Release|Any CPU
	EndGlobalSection
	GlobalSection(SolutionProperties) = preSolution
		HideSolutionNode = FALSE
	EndGlobalSection
	GlobalSection(ExtensibilityGlobals) = postSolution
		SolutionGuid = {193AF7C7-FF34-464D-8806-6B21AF0892A3}
	EndGlobalSection
EndGlobal
